
Microsoft Visual Studio Solution File, Format Version 12.00
# Visual Studio Version 16
VisualStudioVersion = 16.0.30002.166
MinimumVisualStudioVersion = 10.0.40219.1
Project("{9A19103F-16F7-4668-BE54-9A1E7A4F7556}") = "RapsAPIWebAdmin", "RapsAPIWebAdmin\RapsAPIWebAdmin.csproj", "{EDBB5174-AA05-46C9-A153-AB74CC90176F}"
EndProject
Project("{9A19103F-16F7-4668-BE54-9A1E7A4F7556}") = "BLL", "BLL\BLL.csproj", "{AEF46B94-6A22-4DCF-AC30-539C74C22354}"
EndProject
Project("{9A19103F-16F7-4668-BE54-9A1E7A4F7556}") = "DLL", "DLL\DLL.csproj", "{9EC31833-37F8-442E-9A6D-33F2FB2B8CA6}"
EndProject
Project("{FAE04EC0-301F-11D3-BF4B-00C04F79EFBC}") = "Utility", "Utility\Utility.csproj", "{2921D6B0-2BA6-457B-B7B5-C099E491C4E1}"
EndProject
Global
	GlobalSection(SolutionConfigurationPlatforms) = preSolution
		Debug|Any CPU = Debug|Any CPU
		Release|Any CPU = Release|Any CPU
	EndGlobalSection
	GlobalSection(ProjectConfigurationPlatforms) = postSolution
		{EDBB5174-AA05-46C9-A153-AB74CC90176F}.Debug|Any CPU.ActiveCfg = Debug|Any CPU
		{EDBB5174-AA05-46C9-A153-AB74CC90176F}.Debug|Any CPU.Build.0 = Debug|Any CPU
		{EDBB5174-AA05-46C9-A153-AB74CC90176F}.Release|Any CPU.ActiveCfg = Release|Any CPU
		{EDBB5174-AA05-46C9-A153-AB74CC90176F}.Release|Any CPU.Build.0 = Release|Any CPU
		{AEF46B94-6A22-4DCF-AC30-539C74C22354}.Debug|Any CPU.ActiveCfg = Debug|Any CPU
		{AEF46B94-6A22-4DCF-AC30-539C74C22354}.Debug|Any CPU.Build.0 = Debug|Any CPU
		{AEF46B94-6A22-4DCF-AC30-539C74C22354}.Release|Any CPU.ActiveCfg = Release|Any CPU
		{AEF46B94-6A22-4DCF-AC30-539C74C22354}.Release|Any CPU.Build.0 = Release|Any CPU
		{9EC31833-37F8-442E-9A6D-33F2FB2B8CA6}.Debug|Any CPU.ActiveCfg = Debug|Any CPU
		{9EC31833-37F8-442E-9A6D-33F2FB2B8CA6}.Debug|Any CPU.Build.0 = Debug|Any CPU
		{9EC31833-37F8-442E-9A6D-33F2FB2B8CA6}.Release|Any CPU.ActiveCfg = Release|Any CPU
		{9EC31833-37F8-442E-9A6D-33F2FB2B8CA6}.Release|Any CPU.Build.0 = Release|Any CPU
		{2921D6B0-2BA6-457B-B7B5-C099E491C4E1}.Debug|Any CPU.ActiveCfg = Debug|Any CPU
		{2921D6B0-2BA6-457B-B7B5-C099E491C4E1}.Debug|Any CPU.Build.0 = Debug|Any CPU
		{2921D6B0-2BA6-457B-B7B5-C099E491C4E1}.Release|Any CPU.ActiveCfg = Release|Any CPU
		{2921D6B0-2BA6-457B-B7B5-C099E491C4E1}.Release|Any CPU.Build.0 = Release|Any CPU
	EndGlobalSection
	GlobalSection(SolutionProperties) = preSolution
		HideSolutionNode = FALSE
	EndGlobalSection
	GlobalSection(ExtensibilityGlobals) = postSolution
		SolutionGuid = {C666B7EB-1003-43CE-9FBB-9616F2796972}
	EndGlobalSection
EndGlobal
